PODS:
  - Alamofire (4.9.1)
  - Instantiate (4.0.0)
  - Moya (13.0.1):
    - Moya/Core (= 13.0.1)
  - Moya/Core (13.0.1):
    - Alamofire (~> 4.1)
    - Result (~> 4.1)
  - PromiseKit (6.13.1):
    - PromiseKit/CorePromise (= 6.13.1)
    - PromiseKit/Foundation (= 6.13.1)
    - PromiseKit/UIKit (= 6.13.1)
  - PromiseKit/CorePromise (6.13.1)
  - PromiseKit/Foundation (6.13.1):
    - PromiseKit/CorePromise
  - PromiseKit/UIKit (6.13.1):
    - PromiseKit/CorePromise
  - Realm (10.38.1):
    - Realm/Headers (= 10.38.1)
  - Realm/Headers (10.38.1)
  - RealmSwift (10.38.1):
    - Realm (= 10.38.1)
  - Result (4.1.0)
  - ReusableKit (3.0.0):
    - ReusableKit/Core (= 3.0.0)
  - ReusableKit/Core (3.0.0)

DEPENDENCIES:
  - Instantiate
  - Moya
  - PromiseKit
  - RealmSwift
  - ReusableKit

SPEC REPOS:
  trunk:
    - Alamofire
    - Instantiate
    - Moya
    - PromiseKit
    - Realm
    - RealmSwift
    - Result
    - ReusableKit

SPEC CHECKSUMS:
  Alamofire: 85e8a02c69d6020a0d734f6054870d7ecb75cf18
  Instantiate: 62516e7dde448721c1f5815a9ee7e0669d034d52
  Moya: f4a4b80ff2f8a4ffc208dfb31cd91636622fee6e
  PromiseKit: 28fda91c973cc377875d8c0ea4f973013c05b6db
  Realm: b97d91551e8d676dc1db1d42d5db3e2720822ef7
  RealmSwift: aeaaeab72cac19141a788c96c5d6f5705407fb65
  Result: bd966fac789cc6c1563440b348ab2598cc24d5c7
  ReusableKit: e5f853ad4652e411f96b6119b2488afa12929be6

PODFILE CHECKSUM: 5ecd93e3d3a5e74d7a9c9baba406438f555a94d0

COCOAPODS: 1.11.2
