// !$*UTF8*$!
{
	archiveVersion = 1;
	classes = {
	};
	objectVersion = 55;
	objects = {

/* Begin PBXBuildFile section */
		082077CC29D3F02B00854579 /* AccountAllInfo.swift in Sources */ = {isa = PBXBuildFile; fileRef = 082077C329D3F02B00854579 /* AccountAllInfo.swift */; };
		082077D329D3F04300854579 /* AccountTarget.swift in Sources */ = {isa = PBXBuildFile; fileRef = 082077D029D3F04300854579 /* AccountTarget.swift */; };
		082077D429D3F04300854579 /* BaseTarget.swift in Sources */ = {isa = PBXBuildFile; fileRef = 082077D129D3F04300854579 /* BaseTarget.swift */; };
		082077D529D3F04300854579 /* API.swift in Sources */ = {isa = PBXBuildFile; fileRef = 082077D229D3F04300854579 /* API.swift */; };
		082077D829D3F05200854579 /* AccountService.swift in Sources */ = {isa = PBXBuildFile; fileRef = 082077D729D3F05200854579 /* AccountService.swift */; };
		0842FA6729D3395F008CD2AC /* AppResource.swift in Sources */ = {isa = PBXBuildFile; fileRef = 0842FA6629D3395F008CD2AC /* AppResource.swift */; };
		0842FA6A29D34B01008CD2AC /* CharacterCollectionViewCell.xib in Resources */ = {isa = PBXBuildFile; fileRef = 0842FA6929D34B01008CD2AC /* CharacterCollectionViewCell.xib */; };
		0849F1452A55261F00E42E32 /* ErrorView.swift in Sources */ = {isa = PBXBuildFile; fileRef = 0849F1442A55261F00E42E32 /* ErrorView.swift */; };
		0849F14F2A55325A00E42E32 /* ErrorView.xib in Resources */ = {isa = PBXBuildFile; fileRef = 0849F14E2A55325A00E42E32 /* ErrorView.xib */; };
		0868FEEA29C443EF000AC079 /* NSObject+.swift in Sources */ = {isa = PBXBuildFile; fileRef = 0868FEE929C443EF000AC079 /* NSObject+.swift */; };
		0868FEEC29C44575000AC079 /* Storyboardable.swift in Sources */ = {isa = PBXBuildFile; fileRef = 0868FEEB29C44575000AC079 /* Storyboardable.swift */; };
		0868FEEF29C44F27000AC079 /* SelectCharacterViewController.swift in Sources */ = {isa = PBXBuildFile; fileRef = 0868FEEE29C44F27000AC079 /* SelectCharacterViewController.swift */; };
		0868FEF129C44F3C000AC079 /* SelectCharacter.storyboard in Resources */ = {isa = PBXBuildFile; fileRef = 0868FEF029C44F3C000AC079 /* SelectCharacter.storyboard */; };
		0868FEF329C5AD8B000AC079 /* AppConstant.swift in Sources */ = {isa = PBXBuildFile; fileRef = 0868FEF229C5AD8B000AC079 /* AppConstant.swift */; };
		08694CA5298A51F100FC98F8 /* AppDelegate.swift in Sources */ = {isa = PBXBuildFile; fileRef = 08694CA4298A51F100FC98F8 /* AppDelegate.swift */; };
		08694CA7298A51F100FC98F8 /* SceneDelegate.swift in Sources */ = {isa = PBXBuildFile; fileRef = 08694CA6298A51F100FC98F8 /* SceneDelegate.swift */; };
		08694CA9298A51F100FC98F8 /* ViewController.swift in Sources */ = {isa = PBXBuildFile; fileRef = 08694CA8298A51F100FC98F8 /* ViewController.swift */; };
		08694CAC298A51F100FC98F8 /* Main.storyboard in Resources */ = {isa = PBXBuildFile; fileRef = 08694CAA298A51F100FC98F8 /* Main.storyboard */; };
		08694CAE298A51F500FC98F8 /* Assets.xcassets in Resources */ = {isa = PBXBuildFile; fileRef = 08694CAD298A51F500FC98F8 /* Assets.xcassets */; };
		08694CB1298A51F500FC98F8 /* LaunchScreen.storyboard in Resources */ = {isa = PBXBuildFile; fileRef = 08694CAF298A51F500FC98F8 /* LaunchScreen.storyboard */; };
		08694CBC298A51F500FC98F8 /* GenshinArtifactScorableTests.swift in Sources */ = {isa = PBXBuildFile; fileRef = 08694CBB298A51F500FC98F8 /* GenshinArtifactScorableTests.swift */; };
		08694CC6298A51F500FC98F8 /* GenshinArtifactScorableUITests.swift in Sources */ = {isa = PBXBuildFile; fileRef = 08694CC5298A51F500FC98F8 /* GenshinArtifactScorableUITests.swift */; };
		08694CC8298A51F500FC98F8 /* GenshinArtifactScorableUITestsLaunchTests.swift in Sources */ = {isa = PBXBuildFile; fileRef = 08694CC7298A51F500FC98F8 /* GenshinArtifactScorableUITestsLaunchTests.swift */; };
		088A4EEE29E7FF9300F99D85 /* namecards.json in Resources */ = {isa = PBXBuildFile; fileRef = 088A4EED29E7FF9300F99D85 /* namecards.json */; };
		088A4EF029E7FFBA00F99D85 /* characters.json in Resources */ = {isa = PBXBuildFile; fileRef = 088A4EEF29E7FFBA00F99D85 /* characters.json */; };
		088A4EF229E8005600F99D85 /* NameCardMap.swift in Sources */ = {isa = PBXBuildFile; fileRef = 088A4EF129E8005600F99D85 /* NameCardMap.swift */; };
		088A4EF429E809B800F99D85 /* loc.json in Resources */ = {isa = PBXBuildFile; fileRef = 088A4EF329E809B800F99D85 /* loc.json */; };
		088A4EF629E80A8A00F99D85 /* Localized.swift in Sources */ = {isa = PBXBuildFile; fileRef = 088A4EF529E80A8A00F99D85 /* Localized.swift */; };
		088A4EF829E86E5200F99D85 /* AppError.swift in Sources */ = {isa = PBXBuildFile; fileRef = 088A4EF729E86E5200F99D85 /* AppError.swift */; };
		088A4EFA29E8712300F99D85 /* ImageAPI.swift in Sources */ = {isa = PBXBuildFile; fileRef = 088A4EF929E8712300F99D85 /* ImageAPI.swift */; };
		088A4EFC29E8729200F99D85 /* ImageTarget.swift in Sources */ = {isa = PBXBuildFile; fileRef = 088A4EFB29E8729200F99D85 /* ImageTarget.swift */; };
		088A4EFE29E8770500F99D85 /* ImageService.swift in Sources */ = {isa = PBXBuildFile; fileRef = 088A4EFD29E8770500F99D85 /* ImageService.swift */; };
		088A4F0129E99ED300F99D85 /* ja-jp.ttf in Resources */ = {isa = PBXBuildFile; fileRef = 088A4F0029E99ED300F99D85 /* ja-jp.ttf */; };
		088A4F0429F8AD4000F99D85 /* ShapedAccountAllInfoObject.swift in Sources */ = {isa = PBXBuildFile; fileRef = 088A4F0329F8AD4000F99D85 /* ShapedAccountAllInfoObject.swift */; };
		088A4F0729FB76E200F99D85 /* RealmManager.swift in Sources */ = {isa = PBXBuildFile; fileRef = 088A4F0629FB76E200F99D85 /* RealmManager.swift */; };
		088A4F0929FF515400F99D85 /* FightPropMapObject.swift in Sources */ = {isa = PBXBuildFile; fileRef = 088A4F0829FF515400F99D85 /* FightPropMapObject.swift */; };
		0898313D29D3FC6300D9E5C8 /* CharacterCollectionViewCell.swift in Sources */ = {isa = PBXBuildFile; fileRef = 0898313C29D3FC6300D9E5C8 /* CharacterCollectionViewCell.swift */; };
		0898313F29D3FD7A00D9E5C8 /* NibInstantiatable.swift in Sources */ = {isa = PBXBuildFile; fileRef = 0898313E29D3FD7A00D9E5C8 /* NibInstantiatable.swift */; };
		0898314329E5773300D9E5C8 /* FightPropMap.swift in Sources */ = {isa = PBXBuildFile; fileRef = 0898314229E5773300D9E5C8 /* FightPropMap.swift */; };
		0898314529E57E2800D9E5C8 /* ShapedAccountAllInfo.swift in Sources */ = {isa = PBXBuildFile; fileRef = 0898314429E57E2800D9E5C8 /* ShapedAccountAllInfo.swift */; };
		0898314729E5800E00D9E5C8 /* Scorable.swift in Sources */ = {isa = PBXBuildFile; fileRef = 0898314629E5800E00D9E5C8 /* Scorable.swift */; };
		0898314929E583E600D9E5C8 /* CharacterMap.swift in Sources */ = {isa = PBXBuildFile; fileRef = 0898314829E583E600D9E5C8 /* CharacterMap.swift */; };
		0898314E29E63D3000D9E5C8 /* JSONFileDecoder.swift in Sources */ = {isa = PBXBuildFile; fileRef = 0898314D29E63D3000D9E5C8 /* JSONFileDecoder.swift */; };
		08D13C362A1C9EA700EBBC2C /* ImageCachesManager.swift in Sources */ = {isa = PBXBuildFile; fileRef = 08D13C352A1C9EA700EBBC2C /* ImageCachesManager.swift */; };
		08D13C392A22074C00EBBC2C /* BuildCardGeneratorViewController.swift in Sources */ = {isa = PBXBuildFile; fileRef = 08D13C382A22074C00EBBC2C /* BuildCardGeneratorViewController.swift */; };
		08D13C3B2A22076C00EBBC2C /* BuildCardGenerator.storyboard in Resources */ = {isa = PBXBuildFile; fileRef = 08D13C3A2A22076C00EBBC2C /* BuildCardGenerator.storyboard */; };
		08D13C3F2A265E6B00EBBC2C /* BuildCardGeneratable.swift in Sources */ = {isa = PBXBuildFile; fileRef = 08D13C3E2A265E6B00EBBC2C /* BuildCardGeneratable.swift */; };
		08D8F0BD2A40ABF600F322CA /* LoadingView.xib in Resources */ = {isa = PBXBuildFile; fileRef = 08D8F0BC2A40ABF600F322CA /* LoadingView.xib */; };
		08D8F0BF2A40AD1B00F322CA /* LoadingView.swift in Sources */ = {isa = PBXBuildFile; fileRef = 08D8F0BE2A40AD1B00F322CA /* LoadingView.swift */; };
		08FABADC2A2C86CB000C0C9A /* SearchHistoryTableViewCell.swift in Sources */ = {isa = PBXBuildFile; fileRef = 08FABADB2A2C86CB000C0C9A /* SearchHistoryTableViewCell.swift */; };
		08FABADE2A2C86E4000C0C9A /* SearchHistoryTableViewCell.xib in Resources */ = {isa = PBXBuildFile; fileRef = 08FABADD2A2C86E4000C0C9A /* SearchHistoryTableViewCell.xib */; };
		3629DBB7B17398A227391D43 /* Pods_GenshinArtifactScorable.framework in Frameworks */ = {isa = PBXBuildFile; fileRef = 95BC2788A8C2A5E7E67B1DB2 /* Pods_GenshinArtifactScorable.framework */; };
		44D2CF16DC6319759D4B3C97 /* Pods_GenshinArtifactScorable_GenshinArtifactScorableUITests.framework in Frameworks */ = {isa = PBXBuildFile; fileRef = BA21D01A36B091C85C08AD74 /* Pods_GenshinArtifactScorable_GenshinArtifactScorableUITests.framework */; };
		5BA244285196C2CF8FAB377D /* Pods_GenshinArtifactScorableTests.framework in Frameworks */ = {isa = PBXBuildFile; fileRef = F49599EDDC90BA84F791994E /* Pods_GenshinArtifactScorableTests.framework */; };
/* End PBXBuildFile section */

/* Begin PBXContainerItemProxy section */
		08694CB8298A51F500FC98F8 /* PBXContainerItemProxy */ = {
			isa = PBXContainerItemProxy;
			containerPortal = 08694C99298A51F100FC98F8 /* Project object */;
			proxyType = 1;
			remoteGlobalIDString = 08694CA0298A51F100FC98F8;
			remoteInfo = GenshinArtifactScorable;
		};
		08694CC2298A51F500FC98F8 /* PBXContainerItemProxy */ = {
			isa = PBXContainerItemProxy;
			containerPortal = 08694C99298A51F100FC98F8 /* Project object */;
			proxyType = 1;
			remoteGlobalIDString = 08694CA0298A51F100FC98F8;
			remoteInfo = GenshinArtifactScorable;
		};
/* End PBXContainerItemProxy section */

/* Begin PBXFileReference section */
		082077C329D3F02B00854579 /* AccountAllInfo.swift */ = {isa = PBXFileReference; fileEncoding = 4; lastKnownFileType = sourcecode.swift; path = AccountAllInfo.swift; sourceTree = "<group>"; };
		082077D029D3F04300854579 /* AccountTarget.swift */ = {isa = PBXFileReference; fileEncoding = 4; lastKnownFileType = sourcecode.swift; path = AccountTarget.swift; sourceTree = "<group>"; };
		082077D129D3F04300854579 /* BaseTarget.swift */ = {isa = PBXFileReference; fileEncoding = 4; lastKnownFileType = sourcecode.swift; path = BaseTarget.swift; sourceTree = "<group>"; };
		082077D229D3F04300854579 /* API.swift */ = {isa = PBXFileReference; fileEncoding = 4; lastKnownFileType = sourcecode.swift; path = API.swift; sourceTree = "<group>"; };
		082077D729D3F05200854579 /* AccountService.swift */ = {isa = PBXFileReference; fileEncoding = 4; lastKnownFileType = sourcecode.swift; path = AccountService.swift; sourceTree = "<group>"; };
		0842FA6629D3395F008CD2AC /* AppResource.swift */ = {isa = PBXFileReference; lastKnownFileType = sourcecode.swift; path = AppResource.swift; sourceTree = "<group>"; };
		0842FA6929D34B01008CD2AC /* CharacterCollectionViewCell.xib */ = {isa = PBXFileReference; lastKnownFileType = file.xib; path = CharacterCollectionViewCell.xib; sourceTree = "<group>"; };
		0849F1442A55261F00E42E32 /* ErrorView.swift */ = {isa = PBXFileReference; lastKnownFileType = sourcecode.swift; path = ErrorView.swift; sourceTree = "<group>"; };
		0849F14E2A55325A00E42E32 /* ErrorView.xib */ = {isa = PBXFileReference; lastKnownFileType = file.xib; path = ErrorView.xib; sourceTree = "<group>"; };
		0868FEE929C443EF000AC079 /* NSObject+.swift */ = {isa = PBXFileReference; lastKnownFileType = sourcecode.swift; path = "NSObject+.swift"; sourceTree = "<group>"; };
		0868FEEB29C44575000AC079 /* Storyboardable.swift */ = {isa = PBXFileReference; lastKnownFileType = sourcecode.swift; path = Storyboardable.swift; sourceTree = "<group>"; };
		0868FEEE29C44F27000AC079 /* SelectCharacterViewController.swift */ = {isa = PBXFileReference; lastKnownFileType = sourcecode.swift; path = SelectCharacterViewController.swift; sourceTree = "<group>"; };
		0868FEF029C44F3C000AC079 /* SelectCharacter.storyboard */ = {isa = PBXFileReference; lastKnownFileType = file.storyboard; path = SelectCharacter.storyboard; sourceTree = "<group>"; };
		0868FEF229C5AD8B000AC079 /* AppConstant.swift */ = {isa = PBXFileReference; lastKnownFileType = sourcecode.swift; path = AppConstant.swift; sourceTree = "<group>"; };
		08694CA1298A51F100FC98F8 /* GenshinArtifactScorable.app */ = {isa = PBXFileReference; explicitFileType = wrapper.application; includeInIndex = 0; path = GenshinArtifactScorable.app; sourceTree = BUILT_PRODUCTS_DIR; };
		08694CA4298A51F100FC98F8 /* AppDelegate.swift */ = {isa = PBXFileReference; lastKnownFileType = sourcecode.swift; path = AppDelegate.swift; sourceTree = "<group>"; };
		08694CA6298A51F100FC98F8 /* SceneDelegate.swift */ = {isa = PBXFileReference; lastKnownFileType = sourcecode.swift; path = SceneDelegate.swift; sourceTree = "<group>"; };
		08694CA8298A51F100FC98F8 /* ViewController.swift */ = {isa = PBXFileReference; lastKnownFileType = sourcecode.swift; path = ViewController.swift; sourceTree = "<group>"; };
		08694CAD298A51F500FC98F8 /* Assets.xcassets */ = {isa = PBXFileReference; lastKnownFileType = folder.assetcatalog; path = Assets.xcassets; sourceTree = "<group>"; };
		08694CB2298A51F500FC98F8 /* Info.plist */ = {isa = PBXFileReference; lastKnownFileType = text.plist.xml; path = Info.plist; sourceTree = "<group>"; };
		08694CB7298A51F500FC98F8 /* GenshinArtifactScorableTests.xctest */ = {isa = PBXFileReference; explicitFileType = wrapper.cfbundle; includeInIndex = 0; path = GenshinArtifactScorableTests.xctest; sourceTree = BUILT_PRODUCTS_DIR; };
		08694CBB298A51F500FC98F8 /* GenshinArtifactScorableTests.swift */ = {isa = PBXFileReference; lastKnownFileType = sourcecode.swift; path = GenshinArtifactScorableTests.swift; sourceTree = "<group>"; };
		08694CC1298A51F500FC98F8 /* GenshinArtifactScorableUITests.xctest */ = {isa = PBXFileReference; explicitFileType = wrapper.cfbundle; includeInIndex = 0; path = GenshinArtifactScorableUITests.xctest; sourceTree = BUILT_PRODUCTS_DIR; };
		08694CC5298A51F500FC98F8 /* GenshinArtifactScorableUITests.swift */ = {isa = PBXFileReference; lastKnownFileType = sourcecode.swift; path = GenshinArtifactScorableUITests.swift; sourceTree = "<group>"; };
		08694CC7298A51F500FC98F8 /* GenshinArtifactScorableUITestsLaunchTests.swift */ = {isa = PBXFileReference; lastKnownFileType = sourcecode.swift; path = GenshinArtifactScorableUITestsLaunchTests.swift; sourceTree = "<group>"; };
		088A4EED29E7FF9300F99D85 /* namecards.json */ = {isa = PBXFileReference; fileEncoding = 4; lastKnownFileType = text.json; path = namecards.json; sourceTree = "<group>"; };
		088A4EEF29E7FFBA00F99D85 /* characters.json */ = {isa = PBXFileReference; fileEncoding = 4; lastKnownFileType = text.json; path = characters.json; sourceTree = "<group>"; };
		088A4EF129E8005600F99D85 /* NameCardMap.swift */ = {isa = PBXFileReference; lastKnownFileType = sourcecode.swift; path = NameCardMap.swift; sourceTree = "<group>"; };
		088A4EF329E809B800F99D85 /* loc.json */ = {isa = PBXFileReference; fileEncoding = 4; lastKnownFileType = text.json; path = loc.json; sourceTree = "<group>"; };
		088A4EF529E80A8A00F99D85 /* Localized.swift */ = {isa = PBXFileReference; lastKnownFileType = sourcecode.swift; path = Localized.swift; sourceTree = "<group>"; };
		088A4EF729E86E5200F99D85 /* AppError.swift */ = {isa = PBXFileReference; lastKnownFileType = sourcecode.swift; path = AppError.swift; sourceTree = "<group>"; };
		088A4EF929E8712300F99D85 /* ImageAPI.swift */ = {isa = PBXFileReference; lastKnownFileType = sourcecode.swift; path = ImageAPI.swift; sourceTree = "<group>"; };
		088A4EFB29E8729200F99D85 /* ImageTarget.swift */ = {isa = PBXFileReference; lastKnownFileType = sourcecode.swift; path = ImageTarget.swift; sourceTree = "<group>"; };
		088A4EFD29E8770500F99D85 /* ImageService.swift */ = {isa = PBXFileReference; lastKnownFileType = sourcecode.swift; path = ImageService.swift; sourceTree = "<group>"; };
		088A4F0029E99ED300F99D85 /* ja-jp.ttf */ = {isa = PBXFileReference; lastKnownFileType = file; path = "ja-jp.ttf"; sourceTree = "<group>"; };
		088A4F0329F8AD4000F99D85 /* ShapedAccountAllInfoObject.swift */ = {isa = PBXFileReference; lastKnownFileType = sourcecode.swift; path = ShapedAccountAllInfoObject.swift; sourceTree = "<group>"; };
		088A4F0629FB76E200F99D85 /* RealmManager.swift */ = {isa = PBXFileReference; lastKnownFileType = sourcecode.swift; path = RealmManager.swift; sourceTree = "<group>"; };
		088A4F0829FF515400F99D85 /* FightPropMapObject.swift */ = {isa = PBXFileReference; lastKnownFileType = sourcecode.swift; path = FightPropMapObject.swift; sourceTree = "<group>"; };
		0898313C29D3FC6300D9E5C8 /* CharacterCollectionViewCell.swift */ = {isa = PBXFileReference; lastKnownFileType = sourcecode.swift; path = CharacterCollectionViewCell.swift; sourceTree = "<group>"; };
		0898313E29D3FD7A00D9E5C8 /* NibInstantiatable.swift */ = {isa = PBXFileReference; lastKnownFileType = sourcecode.swift; path = NibInstantiatable.swift; sourceTree = "<group>"; };
		0898314229E5773300D9E5C8 /* FightPropMap.swift */ = {isa = PBXFileReference; lastKnownFileType = sourcecode.swift; path = FightPropMap.swift; sourceTree = "<group>"; };
		0898314429E57E2800D9E5C8 /* ShapedAccountAllInfo.swift */ = {isa = PBXFileReference; lastKnownFileType = sourcecode.swift; path = ShapedAccountAllInfo.swift; sourceTree = "<group>"; };
		0898314629E5800E00D9E5C8 /* Scorable.swift */ = {isa = PBXFileReference; lastKnownFileType = sourcecode.swift; path = Scorable.swift; sourceTree = "<group>"; };
		0898314829E583E600D9E5C8 /* CharacterMap.swift */ = {isa = PBXFileReference; lastKnownFileType = sourcecode.swift; path = CharacterMap.swift; sourceTree = "<group>"; };
		0898314D29E63D3000D9E5C8 /* JSONFileDecoder.swift */ = {isa = PBXFileReference; lastKnownFileType = sourcecode.swift; path = JSONFileDecoder.swift; sourceTree = "<group>"; };
		08D13C352A1C9EA700EBBC2C /* ImageCachesManager.swift */ = {isa = PBXFileReference; lastKnownFileType = sourcecode.swift; path = ImageCachesManager.swift; sourceTree = "<group>"; };
		08D13C382A22074C00EBBC2C /* BuildCardGeneratorViewController.swift */ = {isa = PBXFileReference; lastKnownFileType = sourcecode.swift; path = BuildCardGeneratorViewController.swift; sourceTree = "<group>"; };
		08D13C3A2A22076C00EBBC2C /* BuildCardGenerator.storyboard */ = {isa = PBXFileReference; lastKnownFileType = file.storyboard; path = BuildCardGenerator.storyboard; sourceTree = "<group>"; };
		08D13C3E2A265E6B00EBBC2C /* BuildCardGeneratable.swift */ = {isa = PBXFileReference; lastKnownFileType = sourcecode.swift; path = BuildCardGeneratable.swift; sourceTree = "<group>"; };
		08D8F0BC2A40ABF600F322CA /* LoadingView.xib */ = {isa = PBXFileReference; lastKnownFileType = file.xib; path = LoadingView.xib; sourceTree = "<group>"; };
		08D8F0BE2A40AD1B00F322CA /* LoadingView.swift */ = {isa = PBXFileReference; lastKnownFileType = sourcecode.swift; path = LoadingView.swift; sourceTree = "<group>"; };
		08D8F0D12A40E58900F322CA /* en */ = {isa = PBXFileReference; lastKnownFileType = file.storyboard; name = en; path = en.lproj/LaunchScreen.storyboard; sourceTree = "<group>"; };
		08D8F0D22A40E58900F322CA /* en */ = {isa = PBXFileReference; lastKnownFileType = file.storyboard; name = en; path = en.lproj/Main.storyboard; sourceTree = "<group>"; };
		08FABADB2A2C86CB000C0C9A /* SearchHistoryTableViewCell.swift */ = {isa = PBXFileReference; lastKnownFileType = sourcecode.swift; path = SearchHistoryTableViewCell.swift; sourceTree = "<group>"; };
		08FABADD2A2C86E4000C0C9A /* SearchHistoryTableViewCell.xib */ = {isa = PBXFileReference; lastKnownFileType = file.xib; path = SearchHistoryTableViewCell.xib; sourceTree = "<group>"; };
		52BEE03A606A545B9482FBE3 /* Pods-GenshinArtifactScorableTests.release.xcconfig */ = {isa = PBXFileReference; includeInIndex = 1; lastKnownFileType = text.xcconfig; name = "Pods-GenshinArtifactScorableTests.release.xcconfig"; path = "Target Support Files/Pods-GenshinArtifactScorableTests/Pods-GenshinArtifactScorableTests.release.xcconfig"; sourceTree = "<group>"; };
		63B0A73634DBA5362EE43E9B /* Pods-GenshinArtifactScorable.release.xcconfig */ = {isa = PBXFileReference; includeInIndex = 1; lastKnownFileType = text.xcconfig; name = "Pods-GenshinArtifactScorable.release.xcconfig"; path = "Target Support Files/Pods-GenshinArtifactScorable/Pods-GenshinArtifactScorable.release.xcconfig"; sourceTree = "<group>"; };
		8850FAB9648F86E09503ACE9 /* Pods-GenshinArtifactScorable-GenshinArtifactScorableUITests.debug.xcconfig */ = {isa = PBXFileReference; includeInIndex = 1; lastKnownFileType = text.xcconfig; name = "Pods-GenshinArtifactScorable-GenshinArtifactScorableUITests.debug.xcconfig"; path = "Target Support Files/Pods-GenshinArtifactScorable-GenshinArtifactScorableUITests/Pods-GenshinArtifactScorable-GenshinArtifactScorableUITests.debug.xcconfig"; sourceTree = "<group>"; };
		8F179E2C875EC8B00B9521F2 /* Pods-GenshinArtifactScorable.debug.xcconfig */ = {isa = PBXFileReference; includeInIndex = 1; lastKnownFileType = text.xcconfig; name = "Pods-GenshinArtifactScorable.debug.xcconfig"; path = "Target Support Files/Pods-GenshinArtifactScorable/Pods-GenshinArtifactScorable.debug.xcconfig"; sourceTree = "<group>"; };
		95BC2788A8C2A5E7E67B1DB2 /* Pods_GenshinArtifactScorable.framework */ = {isa = PBXFileReference; explicitFileType = wrapper.framework; includeInIndex = 0; path = Pods_GenshinArtifactScorable.framework; sourceTree = BUILT_PRODUCTS_DIR; };
		B98B4378E074BE585F2A6110 /* Pods-GenshinArtifactScorableTests.debug.xcconfig */ = {isa = PBXFileReference; includeInIndex = 1; lastKnownFileType = text.xcconfig; name = "Pods-GenshinArtifactScorableTests.debug.xcconfig"; path = "Target Support Files/Pods-GenshinArtifactScorableTests/Pods-GenshinArtifactScorableTests.debug.xcconfig"; sourceTree = "<group>"; };
		BA21D01A36B091C85C08AD74 /* Pods_GenshinArtifactScorable_GenshinArtifactScorableUITests.framework */ = {isa = PBXFileReference; explicitFileType = wrapper.framework; includeInIndex = 0; path = Pods_GenshinArtifactScorable_GenshinArtifactScorableUITests.framework; sourceTree = BUILT_PRODUCTS_DIR; };
		E5FD86EADF75DB0C444E89D1 /* Pods-GenshinArtifactScorable-GenshinArtifactScorableUITests.release.xcconfig */ = {isa = PBXFileReference; includeInIndex = 1; lastKnownFileType = text.xcconfig; name = "Pods-GenshinArtifactScorable-GenshinArtifactScorableUITests.release.xcconfig"; path = "Target Support Files/Pods-GenshinArtifactScorable-GenshinArtifactScorableUITests/Pods-GenshinArtifactScorable-GenshinArtifactScorableUITests.release.xcconfig"; sourceTree = "<group>"; };
		F49599EDDC90BA84F791994E /* Pods_GenshinArtifactScorableTests.framework */ = {isa = PBXFileReference; explicitFileType = wrapper.framework; includeInIndex = 0; path = Pods_GenshinArtifactScorableTests.framework; sourceTree = BUILT_PRODUCTS_DIR; };
/* End PBXFileReference section */

/* Begin PBXFrameworksBuildPhase section */
		08694C9E298A51F100FC98F8 /* Frameworks */ = {
			isa = PBXFrameworksBuildPhase;
			buildActionMask = 2147483647;
			files = (
				3629DBB7B17398A227391D43 /* Pods_GenshinArtifactScorable.framework in Frameworks */,
			);
			runOnlyForDeploymentPostprocessing = 0;
		};
		08694CB4298A51F500FC98F8 /* Frameworks */ = {
			isa = PBXFrameworksBuildPhase;
			buildActionMask = 2147483647;
			files = (
				5BA244285196C2CF8FAB377D /* Pods_GenshinArtifactScorableTests.framework in Frameworks */,
			);
			runOnlyForDeploymentPostprocessing = 0;
		};
		08694CBE298A51F500FC98F8 /* Frameworks */ = {
			isa = PBXFrameworksBuildPhase;
			buildActionMask = 2147483647;
			files = (
				44D2CF16DC6319759D4B3C97 /* Pods_GenshinArtifactScorable_GenshinArtifactScorableUITests.framework in Frameworks */,
			);
			runOnlyForDeploymentPostprocessing = 0;
		};
/* End PBXFrameworksBuildPhase section */

/* Begin PBXGroup section */
		082077BB29D3F02A00854579 /* Model */ = {
			isa = PBXGroup;
			children = (
				088A4F0229F8AD2A00F99D85 /* Realm */,
				082077C329D3F02B00854579 /* AccountAllInfo.swift */,
				0898314429E57E2800D9E5C8 /* ShapedAccountAllInfo.swift */,
				0898314229E5773300D9E5C8 /* FightPropMap.swift */,
				0898314629E5800E00D9E5C8 /* Scorable.swift */,
				0898314829E583E600D9E5C8 /* CharacterMap.swift */,
				088A4EF129E8005600F99D85 /* NameCardMap.swift */,
				088A4EF529E80A8A00F99D85 /* Localized.swift */,
			);
			path = Model;
			sourceTree = "<group>";
		};
		082077CE29D3F04300854579 /* Network */ = {
			isa = PBXGroup;
			children = (
				082077CF29D3F04300854579 /* Target */,
				082077D129D3F04300854579 /* BaseTarget.swift */,
				082077D229D3F04300854579 /* API.swift */,
				088A4EF929E8712300F99D85 /* ImageAPI.swift */,
			);
			path = Network;
			sourceTree = "<group>";
		};
		082077CF29D3F04300854579 /* Target */ = {
			isa = PBXGroup;
			children = (
				082077D029D3F04300854579 /* AccountTarget.swift */,
				088A4EFB29E8729200F99D85 /* ImageTarget.swift */,
			);
			path = Target;
			sourceTree = "<group>";
		};
		082077D629D3F05200854579 /* Service */ = {
			isa = PBXGroup;
			children = (
				082077D729D3F05200854579 /* AccountService.swift */,
				088A4EFD29E8770500F99D85 /* ImageService.swift */,
			);
			path = Service;
			sourceTree = "<group>";
		};
		0842FA6829D349DE008CD2AC /* Component */ = {
			isa = PBXGroup;
			children = (
				0842FA6929D34B01008CD2AC /* CharacterCollectionViewCell.xib */,
				0898313C29D3FC6300D9E5C8 /* CharacterCollectionViewCell.swift */,
			);
			path = Component;
			sourceTree = "<group>";
		};
		0849F1432A5525FC00E42E32 /* ErrorView */ = {
			isa = PBXGroup;
			children = (
				0849F1442A55261F00E42E32 /* ErrorView.swift */,
				0849F14E2A55325A00E42E32 /* ErrorView.xib */,
			);
			path = ErrorView;
			sourceTree = "<group>";
		};
		0868FEDD29C43821000AC079 /* App */ = {
			isa = PBXGroup;
			children = (
				08694CA4298A51F100FC98F8 /* AppDelegate.swift */,
				08694CA6298A51F100FC98F8 /* SceneDelegate.swift */,
				0868FEF229C5AD8B000AC079 /* AppConstant.swift */,
				0842FA6629D3395F008CD2AC /* AppResource.swift */,
				088A4EF729E86E5200F99D85 /* AppError.swift */,
			);
			path = App;
			sourceTree = "<group>";
		};
		0868FEDE29C43843000AC079 /* Common */ = {
			isa = PBXGroup;
			children = (
				0868FEDF29C438BA000AC079 /* Extension */,
				0898314D29E63D3000D9E5C8 /* JSONFileDecoder.swift */,
			);
			path = Common;
			sourceTree = "<group>";
		};
		0868FEDF29C438BA000AC079 /* Extension */ = {
			isa = PBXGroup;
			children = (
				0868FEE929C443EF000AC079 /* NSObject+.swift */,
			);
			path = Extension;
			sourceTree = "<group>";
		};
		0868FEE129C438E8000AC079 /* Presentation */ = {
			isa = PBXGroup;
			children = (
				0868FEEB29C44575000AC079 /* Storyboardable.swift */,
				0898313E29D3FD7A00D9E5C8 /* NibInstantiatable.swift */,
				08D8F0B92A40AA2B00F322CA /* Common */,
				0868FEE629C43B1D000AC079 /* Screen */,
			);
			path = Presentation;
			sourceTree = "<group>";
		};
		0868FEE629C43B1D000AC079 /* Screen */ = {
			isa = PBXGroup;
			children = (
				0868FEE829C43DC9000AC079 /* Launch */,
				0868FEE729C43B2B000AC079 /* Main */,
				0868FEED29C44EF5000AC079 /* SelectCharacter */,
				08D13C372A2206F100EBBC2C /* BuildCardGenerator */,
			);
			path = Screen;
			sourceTree = "<group>";
		};
		0868FEE729C43B2B000AC079 /* Main */ = {
			isa = PBXGroup;
			children = (
				08FABADA2A2C869B000C0C9A /* Component */,
				08694CAA298A51F100FC98F8 /* Main.storyboard */,
				08694CA8298A51F100FC98F8 /* ViewController.swift */,
			);
			path = Main;
			sourceTree = "<group>";
		};
		0868FEE829C43DC9000AC079 /* Launch */ = {
			isa = PBXGroup;
			children = (
				08694CAF298A51F500FC98F8 /* LaunchScreen.storyboard */,
			);
			path = Launch;
			sourceTree = "<group>";
		};
		0868FEED29C44EF5000AC079 /* SelectCharacter */ = {
			isa = PBXGroup;
			children = (
				0868FEF029C44F3C000AC079 /* SelectCharacter.storyboard */,
				0868FEEE29C44F27000AC079 /* SelectCharacterViewController.swift */,
				0842FA6829D349DE008CD2AC /* Component */,
			);
			path = SelectCharacter;
			sourceTree = "<group>";
		};
		08694C98298A51F100FC98F8 = {
			isa = PBXGroup;
			children = (
				08694CA3298A51F100FC98F8 /* GenshinArtifactScorable */,
				08694CBA298A51F500FC98F8 /* GenshinArtifactScorableTests */,
				08694CC4298A51F500FC98F8 /* GenshinArtifactScorableUITests */,
				08694CA2298A51F100FC98F8 /* Products */,
				0A1F6C5FAEAEEACD53D48F83 /* Pods */,
				C9B698CE6A56794EC1E300A7 /* Frameworks */,
			);
			sourceTree = "<group>";
		};
		08694CA2298A51F100FC98F8 /* Products */ = {
			isa = PBXGroup;
			children = (
				08694CA1298A51F100FC98F8 /* GenshinArtifactScorable.app */,
				08694CB7298A51F500FC98F8 /* GenshinArtifactScorableTests.xctest */,
				08694CC1298A51F500FC98F8 /* GenshinArtifactScorableUITests.xctest */,
			);
			name = Products;
			sourceTree = "<group>";
		};
		08694CA3298A51F100FC98F8 /* GenshinArtifactScorable */ = {
			isa = PBXGroup;
			children = (
				0868FEDD29C43821000AC079 /* App */,
				0868FEDE29C43843000AC079 /* Common */,
				0868FEE129C438E8000AC079 /* Presentation */,
				082077BB29D3F02A00854579 /* Model */,
				082077D629D3F05200854579 /* Service */,
				088A4F0529FB769E00F99D85 /* Manager */,
				082077CE29D3F04300854579 /* Network */,
				0896328229CB4BBD00EBCC0E /* Resource */,
				08694CAD298A51F500FC98F8 /* Assets.xcassets */,
				08694CB2298A51F500FC98F8 /* Info.plist */,
			);
			path = GenshinArtifactScorable;
			sourceTree = "<group>";
		};
		08694CBA298A51F500FC98F8 /* GenshinArtifactScorableTests */ = {
			isa = PBXGroup;
			children = (
				08694CBB298A51F500FC98F8 /* GenshinArtifactScorableTests.swift */,
			);
			path = GenshinArtifactScorableTests;
			sourceTree = "<group>";
		};
		08694CC4298A51F500FC98F8 /* GenshinArtifactScorableUITests */ = {
			isa = PBXGroup;
			children = (
				08694CC5298A51F500FC98F8 /* GenshinArtifactScorableUITests.swift */,
				08694CC7298A51F500FC98F8 /* GenshinArtifactScorableUITestsLaunchTests.swift */,
			);
			path = GenshinArtifactScorableUITests;
			sourceTree = "<group>";
		};
		088A4EFF29E99E9E00F99D85 /* Font */ = {
			isa = PBXGroup;
			children = (
				088A4F0029E99ED300F99D85 /* ja-jp.ttf */,
			);
			path = Font;
			sourceTree = "<group>";
		};
		088A4F0229F8AD2A00F99D85 /* Realm */ = {
			isa = PBXGroup;
			children = (
				088A4F0329F8AD4000F99D85 /* ShapedAccountAllInfoObject.swift */,
				088A4F0829FF515400F99D85 /* FightPropMapObject.swift */,
			);
			path = Realm;
			sourceTree = "<group>";
		};
		088A4F0529FB769E00F99D85 /* Manager */ = {
			isa = PBXGroup;
			children = (
				088A4F0629FB76E200F99D85 /* RealmManager.swift */,
				08D13C352A1C9EA700EBBC2C /* ImageCachesManager.swift */,
			);
			path = Manager;
			sourceTree = "<group>";
		};
		0896328229CB4BBD00EBCC0E /* Resource */ = {
			isa = PBXGroup;
			children = (
				088A4EFF29E99E9E00F99D85 /* Font */,
				088A4EF329E809B800F99D85 /* loc.json */,
				088A4EEF29E7FFBA00F99D85 /* characters.json */,
				088A4EED29E7FF9300F99D85 /* namecards.json */,
			);
			path = Resource;
			sourceTree = "<group>";
		};
		08D13C372A2206F100EBBC2C /* BuildCardGenerator */ = {
			isa = PBXGroup;
			children = (
				08D13C3A2A22076C00EBBC2C /* BuildCardGenerator.storyboard */,
				08D13C382A22074C00EBBC2C /* BuildCardGeneratorViewController.swift */,
				08D13C3E2A265E6B00EBBC2C /* BuildCardGeneratable.swift */,
			);
			path = BuildCardGenerator;
			sourceTree = "<group>";
		};
		08D8F0B92A40AA2B00F322CA /* Common */ = {
			isa = PBXGroup;
			children = (
				0849F1432A5525FC00E42E32 /* ErrorView */,
				08D8F0BC2A40ABF600F322CA /* LoadingView.xib */,
				08D8F0BE2A40AD1B00F322CA /* LoadingView.swift */,
			);
			path = Common;
			sourceTree = "<group>";
		};
		08FABADA2A2C869B000C0C9A /* Component */ = {
			isa = PBXGroup;
			children = (
				08FABADB2A2C86CB000C0C9A /* SearchHistoryTableViewCell.swift */,
				08FABADD2A2C86E4000C0C9A /* SearchHistoryTableViewCell.xib */,
			);
			path = Component;
			sourceTree = "<group>";
		};
		0A1F6C5FAEAEEACD53D48F83 /* Pods */ = {
			isa = PBXGroup;
			children = (
				8F179E2C875EC8B00B9521F2 /* Pods-GenshinArtifactScorable.debug.xcconfig */,
				63B0A73634DBA5362EE43E9B /* Pods-GenshinArtifactScorable.release.xcconfig */,
				8850FAB9648F86E09503ACE9 /* Pods-GenshinArtifactScorable-GenshinArtifactScorableUITests.debug.xcconfig */,
				E5FD86EADF75DB0C444E89D1 /* Pods-GenshinArtifactScorable-GenshinArtifactScorableUITests.release.xcconfig */,
				B98B4378E074BE585F2A6110 /* Pods-GenshinArtifactScorableTests.debug.xcconfig */,
				52BEE03A606A545B9482FBE3 /* Pods-GenshinArtifactScorableTests.release.xcconfig */,
			);
			path = Pods;
			sourceTree = "<group>";
		};
		C9B698CE6A56794EC1E300A7 /* Frameworks */ = {
			isa = PBXGroup;
			children = (
				95BC2788A8C2A5E7E67B1DB2 /* Pods_GenshinArtifactScorable.framework */,
				BA21D01A36B091C85C08AD74 /* Pods_GenshinArtifactScorable_GenshinArtifactScorableUITests.framework */,
				F49599EDDC90BA84F791994E /* Pods_GenshinArtifactScorableTests.framework */,
			);
			name = Frameworks;
			sourceTree = "<group>";
		};
/* End PBXGroup section */

/* Begin PBXNativeTarget section */
		08694CA0298A51F100FC98F8 /* GenshinArtifactScorable */ = {
			isa = PBXNativeTarget;
			buildConfigurationList = 08694CCB298A51F500FC98F8 /* Build configuration list for PBXNativeTarget "GenshinArtifactScorable" */;
			buildPhases = (
				A4F1B9C94936F0204FE43D7F /* [CP] Check Pods Manifest.lock */,
				08694C9D298A51F100FC98F8 /* Sources */,
				08694C9E298A51F100FC98F8 /* Frameworks */,
				08694C9F298A51F100FC98F8 /* Resources */,
				C73E2BD1466FA991C7260644 /* [CP] Embed Pods Frameworks */,
			);
			buildRules = (
			);
			dependencies = (
			);
			name = GenshinArtifactScorable;
			productName = GenshinArtifactScorable;
			productReference = 08694CA1298A51F100FC98F8 /* GenshinArtifactScorable.app */;
			productType = "com.apple.product-type.application";
		};
		08694CB6298A51F500FC98F8 /* GenshinArtifactScorableTests */ = {
			isa = PBXNativeTarget;
			buildConfigurationList = 08694CCE298A51F500FC98F8 /* Build configuration list for PBXNativeTarget "GenshinArtifactScorableTests" */;
			buildPhases = (
				8CE32107AA331377E5F84443 /* [CP] Check Pods Manifest.lock */,
				08694CB3298A51F500FC98F8 /* Sources */,
				08694CB4298A51F500FC98F8 /* Frameworks */,
				08694CB5298A51F500FC98F8 /* Resources */,
			);
			buildRules = (
			);
			dependencies = (
				08694CB9298A51F500FC98F8 /* PBXTargetDependency */,
			);
			name = GenshinArtifactScorableTests;
			productName = GenshinArtifactScorableTests;
			productReference = 08694CB7298A51F500FC98F8 /* GenshinArtifactScorableTests.xctest */;
			productType = "com.apple.product-type.bundle.unit-test";
		};
		08694CC0298A51F500FC98F8 /* GenshinArtifactScorableUITests */ = {
			isa = PBXNativeTarget;
			buildConfigurationList = 08694CD1298A51F500FC98F8 /* Build configuration list for PBXNativeTarget "GenshinArtifactScorableUITests" */;
			buildPhases = (
				7876CF291AD584E84B4663D8 /* [CP] Check Pods Manifest.lock */,
				08694CBD298A51F500FC98F8 /* Sources */,
				08694CBE298A51F500FC98F8 /* Frameworks */,
				08694CBF298A51F500FC98F8 /* Resources */,
				257C91C9C4BAB78D69C2CB5E /* [CP] Embed Pods Frameworks */,
			);
			buildRules = (
			);
			dependencies = (
				08694CC3298A51F500FC98F8 /* PBXTargetDependency */,
			);
			name = GenshinArtifactScorableUITests;
			productName = GenshinArtifactScorableUITests;
			productReference = 08694CC1298A51F500FC98F8 /* GenshinArtifactScorableUITests.xctest */;
			productType = "com.apple.product-type.bundle.ui-testing";
		};
/* End PBXNativeTarget section */

/* Begin PBXProject section */
		08694C99298A51F100FC98F8 /* Project object */ = {
			isa = PBXProject;
			attributes = {
				BuildIndependentTargetsInParallel = 1;
				LastSwiftUpdateCheck = 1340;
				LastUpgradeCheck = 1340;
				TargetAttributes = {
					08694CA0298A51F100FC98F8 = {
						CreatedOnToolsVersion = 13.4.1;
					};
					08694CB6298A51F500FC98F8 = {
						CreatedOnToolsVersion = 13.4.1;
						TestTargetID = 08694CA0298A51F100FC98F8;
					};
					08694CC0298A51F500FC98F8 = {
						CreatedOnToolsVersion = 13.4.1;
						TestTargetID = 08694CA0298A51F100FC98F8;
					};
				};
			};
			buildConfigurationList = 08694C9C298A51F100FC98F8 /* Build configuration list for PBXProject "GenshinArtifactScorable" */;
			compatibilityVersion = "Xcode 13.0";
			developmentRegion = en;
			hasScannedForEncodings = 0;
			knownRegions = (
				en,
			);
			mainGroup = 08694C98298A51F100FC98F8;
			productRefGroup = 08694CA2298A51F100FC98F8 /* Products */;
			projectDirPath = "";
			projectRoot = "";
			targets = (
				08694CA0298A51F100FC98F8 /* GenshinArtifactScorable */,
				08694CB6298A51F500FC98F8 /* GenshinArtifactScorableTests */,
				08694CC0298A51F500FC98F8 /* GenshinArtifactScorableUITests */,
			);
		};
/* End PBXProject section */

/* Begin PBXResourcesBuildPhase section */
		08694C9F298A51F100FC98F8 /* Resources */ = {
			isa = PBXResourcesBuildPhase;
			buildActionMask = 2147483647;
			files = (
				08694CB1298A51F500FC98F8 /* LaunchScreen.storyboard in Resources */,
				08694CAE298A51F500FC98F8 /* Assets.xcassets in Resources */,
				088A4EF429E809B800F99D85 /* loc.json in Resources */,
				0868FEF129C44F3C000AC079 /* SelectCharacter.storyboard in Resources */,
				0842FA6A29D34B01008CD2AC /* CharacterCollectionViewCell.xib in Resources */,
				08FABADE2A2C86E4000C0C9A /* SearchHistoryTableViewCell.xib in Resources */,
				088A4F0129E99ED300F99D85 /* ja-jp.ttf in Resources */,
				088A4EEE29E7FF9300F99D85 /* namecards.json in Resources */,
				0849F14F2A55325A00E42E32 /* ErrorView.xib in Resources */,
				08D13C3B2A22076C00EBBC2C /* BuildCardGenerator.storyboard in Resources */,
				08D8F0BD2A40ABF600F322CA /* LoadingView.xib in Resources */,
				08694CAC298A51F100FC98F8 /* Main.storyboard in Resources */,
				088A4EF029E7FFBA00F99D85 /* characters.json in Resources */,
			);
			runOnlyForDeploymentPostprocessing = 0;
		};
		08694CB5298A51F500FC98F8 /* Resources */ = {
			isa = PBXResourcesBuildPhase;
			buildActionMask = 2147483647;
			files = (
			);
			runOnlyForDeploymentPostprocessing = 0;
		};
		08694CBF298A51F500FC98F8 /* Resources */ = {
			isa = PBXResourcesBuildPhase;
			buildActionMask = 2147483647;
			files = (
			);
			runOnlyForDeploymentPostprocessing = 0;
		};
/* End PBXResourcesBuildPhase section */

/* Begin PBXShellScriptBuildPhase section */
		257C91C9C4BAB78D69C2CB5E /* [CP] Embed Pods Frameworks */ = {
			isa = PBXShellScriptBuildPhase;
			buildActionMask = 2147483647;
			files = (
			);
			inputFileListPaths = (
				"${PODS_ROOT}/Target Support Files/Pods-GenshinArtifactScorable-GenshinArtifactScorableUITests/Pods-GenshinArtifactScorable-GenshinArtifactScorableUITests-frameworks-${CONFIGURATION}-input-files.xcfilelist",
			);
			name = "[CP] Embed Pods Frameworks";
			outputFileListPaths = (
				"${PODS_ROOT}/Target Support Files/Pods-GenshinArtifactScorable-GenshinArtifactScorableUITests/Pods-GenshinArtifactScorable-GenshinArtifactScorableUITests-frameworks-${CONFIGURATION}-output-files.xcfilelist",
			);
			runOnlyForDeploymentPostprocessing = 0;
			shellPath = /bin/sh;
			shellScript = "\"${PODS_ROOT}/Target Support Files/Pods-GenshinArtifactScorable-GenshinArtifactScorableUITests/Pods-GenshinArtifactScorable-GenshinArtifactScorableUITests-frameworks.sh\"\n";
			showEnvVarsInLog = 0;
		};
		7876CF291AD584E84B4663D8 /* [CP] Check Pods Manifest.lock */ = {
			isa = PBXShellScriptBuildPhase;
			buildActionMask = 2147483647;
			files = (
			);
			inputFileListPaths = (
			);
			inputPaths = (
				"${PODS_PODFILE_DIR_PATH}/Podfile.lock",
				"${PODS_ROOT}/Manifest.lock",
			);
			name = "[CP] Check Pods Manifest.lock";
			outputFileListPaths = (
			);
			outputPaths = (
				"$(DERIVED_FILE_DIR)/Pods-GenshinArtifactScorable-GenshinArtifactScorableUITests-checkManifestLockResult.txt",
			);
			runOnlyForDeploymentPostprocessing = 0;
			shellPath = /bin/sh;
			shellScript = "diff \"${PODS_PODFILE_DIR_PATH}/Podfile.lock\" \"${PODS_ROOT}/Manifest.lock\" > /dev/null\nif [ $? != 0 ] ; then\n    # print error to STDERR\n    echo \"error: The sandbox is not in sync with the Podfile.lock. Run 'pod install' or update your CocoaPods installation.\" >&2\n    exit 1\nfi\n# This output is used by Xcode 'outputs' to avoid re-running this script phase.\necho \"SUCCESS\" > \"${SCRIPT_OUTPUT_FILE_0}\"\n";
			showEnvVarsInLog = 0;
		};
		8CE32107AA331377E5F84443 /* [CP] Check Pods Manifest.lock */ = {
			isa = PBXShellScriptBuildPhase;
			buildActionMask = 2147483647;
			files = (
			);
			inputFileListPaths = (
			);
			inputPaths = (
				"${PODS_PODFILE_DIR_PATH}/Podfile.lock",
				"${PODS_ROOT}/Manifest.lock",
			);
			name = "[CP] Check Pods Manifest.lock";
			outputFileListPaths = (
			);
			outputPaths = (
				"$(DERIVED_FILE_DIR)/Pods-GenshinArtifactScorableTests-checkManifestLockResult.txt",
			);
			runOnlyForDeploymentPostprocessing = 0;
			shellPath = /bin/sh;
			shellScript = "diff \"${PODS_PODFILE_DIR_PATH}/Podfile.lock\" \"${PODS_ROOT}/Manifest.lock\" > /dev/null\nif [ $? != 0 ] ; then\n    # print error to STDERR\n    echo \"error: The sandbox is not in sync with the Podfile.lock. Run 'pod install' or update your CocoaPods installation.\" >&2\n    exit 1\nfi\n# This output is used by Xcode 'outputs' to avoid re-running this script phase.\necho \"SUCCESS\" > \"${SCRIPT_OUTPUT_FILE_0}\"\n";
			showEnvVarsInLog = 0;
		};
		A4F1B9C94936F0204FE43D7F /* [CP] Check Pods Manifest.lock */ = {
			isa = PBXShellScriptBuildPhase;
			buildActionMask = 2147483647;
			files = (
			);
			inputFileListPaths = (
			);
			inputPaths = (
				"${PODS_PODFILE_DIR_PATH}/Podfile.lock",
				"${PODS_ROOT}/Manifest.lock",
			);
			name = "[CP] Check Pods Manifest.lock";
			outputFileListPaths = (
			);
			outputPaths = (
				"$(DERIVED_FILE_DIR)/Pods-GenshinArtifactScorable-checkManifestLockResult.txt",
			);
			runOnlyForDeploymentPostprocessing = 0;
			shellPath = /bin/sh;
			shellScript = "diff \"${PODS_PODFILE_DIR_PATH}/Podfile.lock\" \"${PODS_ROOT}/Manifest.lock\" > /dev/null\nif [ $? != 0 ] ; then\n    # print error to STDERR\n    echo \"error: The sandbox is not in sync with the Podfile.lock. Run 'pod install' or update your CocoaPods installation.\" >&2\n    exit 1\nfi\n# This output is used by Xcode 'outputs' to avoid re-running this script phase.\necho \"SUCCESS\" > \"${SCRIPT_OUTPUT_FILE_0}\"\n";
			showEnvVarsInLog = 0;
		};
		C73E2BD1466FA991C7260644 /* [CP] Embed Pods Frameworks */ = {
			isa = PBXShellScriptBuildPhase;
			buildActionMask = 2147483647;
			files = (
			);
			inputFileListPaths = (
				"${PODS_ROOT}/Target Support Files/Pods-GenshinArtifactScorable/Pods-GenshinArtifactScorable-frameworks-${CONFIGURATION}-input-files.xcfilelist",
			);
			name = "[CP] Embed Pods Frameworks";
			outputFileListPaths = (
				"${PODS_ROOT}/Target Support Files/Pods-GenshinArtifactScorable/Pods-GenshinArtifactScorable-frameworks-${CONFIGURATION}-output-files.xcfilelist",
			);
			runOnlyForDeploymentPostprocessing = 0;
			shellPath = /bin/sh;
			shellScript = "\"${PODS_ROOT}/Target Support Files/Pods-GenshinArtifactScorable/Pods-GenshinArtifactScorable-frameworks.sh\"\n";
			showEnvVarsInLog = 0;
		};
/* End PBXShellScriptBuildPhase section */

/* Begin PBXSourcesBuildPhase section */
		08694C9D298A51F100FC98F8 /* Sources */ = {
			isa = PBXSourcesBuildPhase;
			buildActionMask = 2147483647;
			files = (
				0898314329E5773300D9E5C8 /* FightPropMap.swift in Sources */,
				08694CA9298A51F100FC98F8 /* ViewController.swift in Sources */,
				088A4F0929FF515400F99D85 /* FightPropMapObject.swift in Sources */,
				08D13C392A22074C00EBBC2C /* BuildCardGeneratorViewController.swift in Sources */,
				08D13C3F2A265E6B00EBBC2C /* BuildCardGeneratable.swift in Sources */,
				088A4EFE29E8770500F99D85 /* ImageService.swift in Sources */,
				088A4F0429F8AD4000F99D85 /* ShapedAccountAllInfoObject.swift in Sources */,
				0898314529E57E2800D9E5C8 /* ShapedAccountAllInfo.swift in Sources */,
				088A4F0729FB76E200F99D85 /* RealmManager.swift in Sources */,
				082077D429D3F04300854579 /* BaseTarget.swift in Sources */,
				0868FEEA29C443EF000AC079 /* NSObject+.swift in Sources */,
				088A4EF229E8005600F99D85 /* NameCardMap.swift in Sources */,
				0842FA6729D3395F008CD2AC /* AppResource.swift in Sources */,
				0868FEF329C5AD8B000AC079 /* AppConstant.swift in Sources */,
				088A4EFC29E8729200F99D85 /* ImageTarget.swift in Sources */,
				088A4EFA29E8712300F99D85 /* ImageAPI.swift in Sources */,
				0898313D29D3FC6300D9E5C8 /* CharacterCollectionViewCell.swift in Sources */,
				0898314929E583E600D9E5C8 /* CharacterMap.swift in Sources */,
				0898313F29D3FD7A00D9E5C8 /* NibInstantiatable.swift in Sources */,
				08694CA5298A51F100FC98F8 /* AppDelegate.swift in Sources */,
				082077CC29D3F02B00854579 /* AccountAllInfo.swift in Sources */,
				08D8F0BF2A40AD1B00F322CA /* LoadingView.swift in Sources */,
				082077D329D3F04300854579 /* AccountTarget.swift in Sources */,
				08FABADC2A2C86CB000C0C9A /* SearchHistoryTableViewCell.swift in Sources */,
				0868FEEF29C44F27000AC079 /* SelectCharacterViewController.swift in Sources */,
				0849F1452A55261F00E42E32 /* ErrorView.swift in Sources */,
				082077D529D3F04300854579 /* API.swift in Sources */,
				0898314729E5800E00D9E5C8 /* Scorable.swift in Sources */,
				088A4EF629E80A8A00F99D85 /* Localized.swift in Sources */,
				0868FEEC29C44575000AC079 /* Storyboardable.swift in Sources */,
				088A4EF829E86E5200F99D85 /* AppError.swift in Sources */,
				08D13C362A1C9EA700EBBC2C /* ImageCachesManager.swift in Sources */,
				08694CA7298A51F100FC98F8 /* SceneDelegate.swift in Sources */,
				082077D829D3F05200854579 /* AccountService.swift in Sources */,
				0898314E29E63D3000D9E5C8 /* JSONFileDecoder.swift in Sources */,
			);
			runOnlyForDeploymentPostprocessing = 0;
		};
		08694CB3298A51F500FC98F8 /* Sources */ = {
			isa = PBXSourcesBuildPhase;
			buildActionMask = 2147483647;
			files = (
				08694CBC298A51F500FC98F8 /* GenshinArtifactScorableTests.swift in Sources */,
			);
			runOnlyForDeploymentPostprocessing = 0;
		};
		08694CBD298A51F500FC98F8 /* Sources */ = {
			isa = PBXSourcesBuildPhase;
			buildActionMask = 2147483647;
			files = (
				08694CC8298A51F500FC98F8 /* GenshinArtifactScorableUITestsLaunchTests.swift in Sources */,
				08694CC6298A51F500FC98F8 /* GenshinArtifactScorableUITests.swift in Sources */,
			);
			runOnlyForDeploymentPostprocessing = 0;
		};
/* End PBXSourcesBuildPhase section */

/* Begin PBXTargetDependency section */
		08694CB9298A51F500FC98F8 /* PBXTargetDependency */ = {
			isa = PBXTargetDependency;
			target = 08694CA0298A51F100FC98F8 /* GenshinArtifactScorable */;
			targetProxy = 08694CB8298A51F500FC98F8 /* PBXContainerItemProxy */;
		};
		08694CC3298A51F500FC98F8 /* PBXTargetDependency */ = {
			isa = PBXTargetDependency;
			target = 08694CA0298A51F100FC98F8 /* GenshinArtifactScorable */;
			targetProxy = 08694CC2298A51F500FC98F8 /* PBXContainerItemProxy */;
		};
/* End PBXTargetDependency section */

/* Begin PBXVariantGroup section */
		08694CAA298A51F100FC98F8 /* Main.storyboard */ = {
			isa = PBXVariantGroup;
			children = (
				08D8F0D22A40E58900F322CA /* en */,
			);
			name = Main.storyboard;
			sourceTree = "<group>";
		};
		08694CAF298A51F500FC98F8 /* LaunchScreen.storyboard */ = {
			isa = PBXVariantGroup;
			children = (
				08D8F0D12A40E58900F322CA /* en */,
			);
			name = LaunchScreen.storyboard;
			sourceTree = "<group>";
		};
/* End PBXVariantGroup section */

/* Begin XCBuildConfiguration section */
		08694CC9298A51F500FC98F8 /* Debug */ = {
			isa = XCBuildConfiguration;
			buildSettings = {
				ALWAYS_SEARCH_USER_PATHS = NO;
				CLANG_ANALYZER_LOCALIZABILITY_NONLOCALIZED = YES;
				CLANG_ANALYZER_NONNULL = YES;
				CLANG_ANALYZER_NUMBER_OBJECT_CONVERSION = YES_AGGRESSIVE;
				CLANG_CXX_LANGUAGE_STANDARD = "gnu++17";
				CLANG_ENABLE_MODULES = YES;
				CLANG_ENABLE_OBJC_ARC = YES;
				CLANG_ENABLE_OBJC_WEAK = YES;
				CLANG_WARN_BLOCK_CAPTURE_AUTORELEASING = YES;
				CLANG_WARN_BOOL_CONVERSION = YES;
				CLANG_WARN_COMMA = YES;
				CLANG_WARN_CONSTANT_CONVERSION = YES;
				CLANG_WARN_DEPRECATED_OBJC_IMPLEMENTATIONS = YES;
				CLANG_WARN_DIRECT_OBJC_ISA_USAGE = YES_ERROR;
				CLANG_WARN_DOCUMENTATION_COMMENTS = YES;
				CLANG_WARN_EMPTY_BODY = YES;
				CLANG_WARN_ENUM_CONVERSION = YES;
				CLANG_WARN_INFINITE_RECURSION = YES;
				CLANG_WARN_INT_CONVERSION = YES;
				CLANG_WARN_NON_LITERAL_NULL_CONVERSION = YES;
				CLANG_WARN_OBJC_IMPLICIT_RETAIN_SELF = YES;
				CLANG_WARN_OBJC_LITERAL_CONVERSION = YES;
				CLANG_WARN_OBJC_ROOT_CLASS = YES_ERROR;
				CLANG_WARN_QUOTED_INCLUDE_IN_FRAMEWORK_HEADER = YES;
				CLANG_WARN_RANGE_LOOP_ANALYSIS = YES;
				CLANG_WARN_STRICT_PROTOTYPES = YES;
				CLANG_WARN_SUSPICIOUS_MOVE = YES;
				CLANG_WARN_UNGUARDED_AVAILABILITY = YES_AGGRESSIVE;
				CLANG_WARN_UNREACHABLE_CODE = YES;
				CLANG_WARN__DUPLICATE_METHOD_MATCH = YES;
				COPY_PHASE_STRIP = NO;
				DEBUG_INFORMATION_FORMAT = dwarf;
				ENABLE_STRICT_OBJC_MSGSEND = YES;
				ENABLE_TESTABILITY = YES;
				GCC_C_LANGUAGE_STANDARD = gnu11;
				GCC_DYNAMIC_NO_PIC = NO;
				GCC_NO_COMMON_BLOCKS = YES;
				GCC_OPTIMIZATION_LEVEL = 0;
				GCC_PREPROCESSOR_DEFINITIONS = (
					"DEBUG=1",
					"$(inherited)",
				);
				GCC_WARN_64_TO_32_BIT_CONVERSION = YES;
				GCC_WARN_ABOUT_RETURN_TYPE = YES_ERROR;
				GCC_WARN_UNDECLARED_SELECTOR = YES;
				GCC_WARN_UNINITIALIZED_AUTOS = YES_AGGRESSIVE;
				GCC_WARN_UNUSED_FUNCTION = YES;
				GCC_WARN_UNUSED_VARIABLE = YES;
				IPHONEOS_DEPLOYMENT_TARGET = 15.5;
				MTL_ENABLE_DEBUG_INFO = INCLUDE_SOURCE;
				MTL_FAST_MATH = YES;
				ONLY_ACTIVE_ARCH = YES;
				SDKROOT = iphoneos;
				SWIFT_ACTIVE_COMPILATION_CONDITIONS = DEBUG;
				SWIFT_OPTIMIZATION_LEVEL = "-Onone";
			};
			name = Debug;
		};
		08694CCA298A51F500FC98F8 /* Release */ = {
			isa = XCBuildConfiguration;
			buildSettings = {
				ALWAYS_SEARCH_USER_PATHS = NO;
				CLANG_ANALYZER_LOCALIZABILITY_NONLOCALIZED = YES;
				CLANG_ANALYZER_NONNULL = YES;
				CLANG_ANALYZER_NUMBER_OBJECT_CONVERSION = YES_AGGRESSIVE;
				CLANG_CXX_LANGUAGE_STANDARD = "gnu++17";
				CLANG_ENABLE_MODULES = YES;
				CLANG_ENABLE_OBJC_ARC = YES;
				CLANG_ENABLE_OBJC_WEAK = YES;
				CLANG_WARN_BLOCK_CAPTURE_AUTORELEASING = YES;
				CLANG_WARN_BOOL_CONVERSION = YES;
				CLANG_WARN_COMMA = YES;
				CLANG_WARN_CONSTANT_CONVERSION = YES;
				CLANG_WARN_DEPRECATED_OBJC_IMPLEMENTATIONS = YES;
				CLANG_WARN_DIRECT_OBJC_ISA_USAGE = YES_ERROR;
				CLANG_WARN_DOCUMENTATION_COMMENTS = YES;
				CLANG_WARN_EMPTY_BODY = YES;
				CLANG_WARN_ENUM_CONVERSION = YES;
				CLANG_WARN_INFINITE_RECURSION = YES;
				CLANG_WARN_INT_CONVERSION = YES;
				CLANG_WARN_NON_LITERAL_NULL_CONVERSION = YES;
				CLANG_WARN_OBJC_IMPLICIT_RETAIN_SELF = YES;
				CLANG_WARN_OBJC_LITERAL_CONVERSION = YES;
				CLANG_WARN_OBJC_ROOT_CLASS = YES_ERROR;
				CLANG_WARN_QUOTED_INCLUDE_IN_FRAMEWORK_HEADER = YES;
				CLANG_WARN_RANGE_LOOP_ANALYSIS = YES;
				CLANG_WARN_STRICT_PROTOTYPES = YES;
				CLANG_WARN_SUSPICIOUS_MOVE = YES;
				CLANG_WARN_UNGUARDED_AVAILABILITY = YES_AGGRESSIVE;
				CLANG_WARN_UNREACHABLE_CODE = YES;
				CLANG_WARN__DUPLICATE_METHOD_MATCH = YES;
				COPY_PHASE_STRIP = NO;
				DEBUG_INFORMATION_FORMAT = "dwarf-with-dsym";
				ENABLE_NS_ASSERTIONS = NO;
				ENABLE_STRICT_OBJC_MSGSEND = YES;
				GCC_C_LANGUAGE_STANDARD = gnu11;
				GCC_NO_COMMON_BLOCKS = YES;
				GCC_WARN_64_TO_32_BIT_CONVERSION = YES;
				GCC_WARN_ABOUT_RETURN_TYPE = YES_ERROR;
				GCC_WARN_UNDECLARED_SELECTOR = YES;
				GCC_WARN_UNINITIALIZED_AUTOS = YES_AGGRESSIVE;
				GCC_WARN_UNUSED_FUNCTION = YES;
				GCC_WARN_UNUSED_VARIABLE = YES;
				IPHONEOS_DEPLOYMENT_TARGET = 15.5;
				MTL_ENABLE_DEBUG_INFO = NO;
				MTL_FAST_MATH = YES;
				SDKROOT = iphoneos;
				SWIFT_COMPILATION_MODE = wholemodule;
				SWIFT_OPTIMIZATION_LEVEL = "-O";
				VALIDATE_PRODUCT = YES;
			};
			name = Release;
		};
		08694CCC298A51F500FC98F8 /* Debug */ = {
			isa = XCBuildConfiguration;
			baseConfigurationReference = 8F179E2C875EC8B00B9521F2 /* Pods-GenshinArtifactScorable.debug.xcconfig */;
			buildSettings = {
				ASSETCATALOG_COMPILER_APPICON_NAME = AppIcon;
				ASSETCATALOG_COMPILER_GLOBAL_ACCENT_COLOR_NAME = AccentColor;
				CODE_SIGN_STYLE = Automatic;
				CURRENT_PROJECT_VERSION = 1;
				DEVELOPMENT_TEAM = RNAHU294NB;
				GENERATE_INFOPLIST_FILE = YES;
				INFOPLIST_FILE = GenshinArtifactScorable/Info.plist;
				INFOPLIST_KEY_NSPhotoLibraryAddUsageDescription = "";
				INFOPLIST_KEY_UIApplicationSupportsIndirectInputEvents = YES;
				INFOPLIST_KEY_UILaunchStoryboardName = LaunchScreen;
				INFOPLIST_KEY_UIMainStoryboardFile = Main;
				INFOPLIST_KEY_UISupportedInterfaceOrientations_iPad = "UIInterfaceOrientationPortrait UIInterfaceOrientationPortraitUpsideDown UIInterfaceOrientationLandscapeLeft UIInterfaceOrientationLandscapeRight";
				INFOPLIST_KEY_UISupportedInterfaceOrientations_iPhone = "UIInterfaceOrientationPortrait UIInterfaceOrientationLandscapeLeft UIInterfaceOrientationLandscapeRight";
				LD_RUNPATH_SEARCH_PATHS = (
					"$(inherited)",
					"@executable_path/Frameworks",
				);
				MARKETING_VERSION = 1.0;
				PRODUCT_BUNDLE_IDENTIFIER = hide.GenshinArtifactScorable;
				PRODUCT_NAME = "$(TARGET_NAME)";
				SWIFT_EMIT_LOC_STRINGS = YES;
				SWIFT_VERSION = 5.0;
				TARGETED_DEVICE_FAMILY = "1,2";
			};
			name = Debug;
		};
		08694CCD298A51F500FC98F8 /* Release */ = {
			isa = XCBuildConfiguration;
			baseConfigurationReference = 63B0A73634DBA5362EE43E9B /* Pods-GenshinArtifactScorable.release.xcconfig */;
			buildSettings = {
				ASSETCATALOG_COMPILER_APPICON_NAME = AppIcon;
				ASSETCATALOG_COMPILER_GLOBAL_ACCENT_COLOR_NAME = AccentColor;
				CODE_SIGN_STYLE = Automatic;
				CURRENT_PROJECT_VERSION = 1;
				DEVELOPMENT_TEAM = RNAHU294NB;
				GENERATE_INFOPLIST_FILE = YES;
				INFOPLIST_FILE = GenshinArtifactScorable/Info.plist;
				INFOPLIST_KEY_NSPhotoLibraryAddUsageDescription = "";
				INFOPLIST_KEY_UIApplicationSupportsIndirectInputEvents = YES;
				INFOPLIST_KEY_UILaunchStoryboardName = LaunchScreen;
				INFOPLIST_KEY_UIMainStoryboardFile = Main;
				INFOPLIST_KEY_UISupportedInterfaceOrientations_iPad = "UIInterfaceOrientationPortrait UIInterfaceOrientationPortraitUpsideDown UIInterfaceOrientationLandscapeLeft UIInterfaceOrientationLandscapeRight";
				INFOPLIST_KEY_UISupportedInterfaceOrientations_iPhone = "UIInterfaceOrientationPortrait UIInterfaceOrientationLandscapeLeft UIInterfaceOrientationLandscapeRight";
				LD_RUNPATH_SEARCH_PATHS = (
					"$(inherited)",
					"@executable_path/Frameworks",
				);
				MARKETING_VERSION = 1.0;
				PRODUCT_BUNDLE_IDENTIFIER = hide.GenshinArtifactScorable;
				PRODUCT_NAME = "$(TARGET_NAME)";
				SWIFT_EMIT_LOC_STRINGS = YES;
				SWIFT_VERSION = 5.0;
				TARGETED_DEVICE_FAMILY = "1,2";
			};
			name = Release;
		};
		08694CCF298A51F500FC98F8 /* Debug */ = {
			isa = XCBuildConfiguration;
			baseConfigurationReference = B98B4378E074BE585F2A6110 /* Pods-GenshinArtifactScorableTests.debug.xcconfig */;
			buildSettings = {
				ALWAYS_EMBED_SWIFT_STANDARD_LIBRARIES = YES;
				BUNDLE_LOADER = "$(TEST_HOST)";
				CODE_SIGN_STYLE = Automatic;
				CURRENT_PROJECT_VERSION = 1;
				DEVELOPMENT_TEAM = RNAHU294NB;
				GENERATE_INFOPLIST_FILE = YES;
				IPHONEOS_DEPLOYMENT_TARGET = 15.5;
				MARKETING_VERSION = 1.0;
				PRODUCT_BUNDLE_IDENTIFIER = hide.GenshinArtifactScorableTests;
				PRODUCT_NAME = "$(TARGET_NAME)";
				SWIFT_EMIT_LOC_STRINGS = NO;
				SWIFT_VERSION = 5.0;
				TARGETED_DEVICE_FAMILY = "1,2";
				TEST_HOST = "$(BUILT_PRODUCTS_DIR)/GenshinArtifactScorable.app/GenshinArtifactScorable";
			};
			name = Debug;
		};
		08694CD0298A51F500FC98F8 /* Release */ = {
			isa = XCBuildConfiguration;
			baseConfigurationReference = 52BEE03A606A545B9482FBE3 /* Pods-GenshinArtifactScorableTests.release.xcconfig */;
			buildSettings = {
				ALWAYS_EMBED_SWIFT_STANDARD_LIBRARIES = YES;
				BUNDLE_LOADER = "$(TEST_HOST)";
				CODE_SIGN_STYLE = Automatic;
				CURRENT_PROJECT_VERSION = 1;
				DEVELOPMENT_TEAM = RNAHU294NB;
				GENERATE_INFOPLIST_FILE = YES;
				IPHONEOS_DEPLOYMENT_TARGET = 15.5;
				MARKETING_VERSION = 1.0;
				PRODUCT_BUNDLE_IDENTIFIER = hide.GenshinArtifactScorableTests;
				PRODUCT_NAME = "$(TARGET_NAME)";
				SWIFT_EMIT_LOC_STRINGS = NO;
				SWIFT_VERSION = 5.0;
				TARGETED_DEVICE_FAMILY = "1,2";
				TEST_HOST = "$(BUILT_PRODUCTS_DIR)/GenshinArtifactScorable.app/GenshinArtifactScorable";
			};
			name = Release;
		};
		08694CD2298A51F500FC98F8 /* Debug */ = {
			isa = XCBuildConfiguration;
			baseConfigurationReference = 8850FAB9648F86E09503ACE9 /* Pods-GenshinArtifactScorable-GenshinArtifactScorableUITests.debug.xcconfig */;
			buildSettings = {
				ALWAYS_EMBED_SWIFT_STANDARD_LIBRARIES = YES;
				CODE_SIGN_STYLE = Automatic;
				CURRENT_PROJECT_VERSION = 1;
				DEVELOPMENT_TEAM = RNAHU294NB;
				GENERATE_INFOPLIST_FILE = YES;
				MARKETING_VERSION = 1.0;
				PRODUCT_BUNDLE_IDENTIFIER = hide.GenshinArtifactScorableUITests;
				PRODUCT_NAME = "$(TARGET_NAME)";
				SWIFT_EMIT_LOC_STRINGS = NO;
				SWIFT_VERSION = 5.0;
				TARGETED_DEVICE_FAMILY = "1,2";
				TEST_TARGET_NAME = GenshinArtifactScorable;
			};
			name = Debug;
		};
		08694CD3298A51F500FC98F8 /* Release */ = {
			isa = XCBuildConfiguration;
			baseConfigurationReference = E5FD86EADF75DB0C444E89D1 /* Pods-GenshinArtifactScorable-GenshinArtifactScorableUITests.release.xcconfig */;
			buildSettings = {
				ALWAYS_EMBED_SWIFT_STANDARD_LIBRARIES = YES;
				CODE_SIGN_STYLE = Automatic;
				CURRENT_PROJECT_VERSION = 1;
				DEVELOPMENT_TEAM = RNAHU294NB;
				GENERATE_INFOPLIST_FILE = YES;
				MARKETING_VERSION = 1.0;
				PRODUCT_BUNDLE_IDENTIFIER = hide.GenshinArtifactScorableUITests;
				PRODUCT_NAME = "$(TARGET_NAME)";
				SWIFT_EMIT_LOC_STRINGS = NO;
				SWIFT_VERSION = 5.0;
				TARGETED_DEVICE_FAMILY = "1,2";
				TEST_TARGET_NAME = GenshinArtifactScorable;
			};
			name = Release;
		};
/* End XCBuildConfiguration section */

/* Begin XCConfigurationList section */
		08694C9C298A51F100FC98F8 /* Build configuration list for PBXProject "GenshinArtifactScorable" */ = {
			isa = XCConfigurationList;
			buildConfigurations = (
				08694CC9298A51F500FC98F8 /* Debug */,
				08694CCA298A51F500FC98F8 /* Release */,
			);
			defaultConfigurationIsVisible = 0;
			defaultConfigurationName = Release;
		};
		08694CCB298A51F500FC98F8 /* Build configuration list for PBXNativeTarget "GenshinArtifactScorable" */ = {
			isa = XCConfigurationList;
			buildConfigurations = (
				08694CCC298A51F500FC98F8 /* Debug */,
				08694CCD298A51F500FC98F8 /* Release */,
			);
			defaultConfigurationIsVisible = 0;
			defaultConfigurationName = Release;
		};
		08694CCE298A51F500FC98F8 /* Build configuration list for PBXNativeTarget "GenshinArtifactScorableTests" */ = {
			isa = XCConfigurationList;
			buildConfigurations = (
				08694CCF298A51F500FC98F8 /* Debug */,
				08694CD0298A51F500FC98F8 /* Release */,
			);
			defaultConfigurationIsVisible = 0;
			defaultConfigurationName = Release;
		};
		08694CD1298A51F500FC98F8 /* Build configuration list for PBXNativeTarget "GenshinArtifactScorableUITests" */ = {
			isa = XCConfigurationList;
			buildConfigurations = (
				08694CD2298A51F500FC98F8 /* Debug */,
				08694CD3298A51F500FC98F8 /* Release */,
			);
			defaultConfigurationIsVisible = 0;
			defaultConfigurationName = Release;
		};
/* End XCConfigurationList section */
	};
	rootObject = 08694C99298A51F100FC98F8 /* Project object */;
}
